<?xml version="1.0" encoding="utf-8"?>
<Project ToolsVersion="4.0" xmlns="http://schemas.microsoft.com/developer/msbuild/2003">
  <ItemGroup>
    <Filter Include="PreCompile">
      <UniqueIdentifier>{05165861-cbb7-4e2f-a037-b1e74875e103}</UniqueIdentifier>
    </Filter>
    <Filter Include="Core">
      <UniqueIdentifier>{75ecd985-6b4d-4170-a4b6-ef8b425a5a70}</UniqueIdentifier>
    </Filter>
    <Filter Include="Option">
      <UniqueIdentifier>{58a349c4-b62c-4fe7-951f-fdf69335b42f}</UniqueIdentifier>
    </Filter>
    <Filter Include="OpeningLevel">
      <UniqueIdentifier>{89e33a8a-1ba7-4847-8638-b9ca86b20cb0}</UniqueIdentifier>
    </Filter>
    <Filter Include="OpeningLevel\Actor">
      <UniqueIdentifier>{94cd211b-c9f9-466d-a03a-8dcebac80ab1}</UniqueIdentifier>
    </Filter>
    <Filter Include="PlayLevel0">
      <UniqueIdentifier>{d259c4db-3709-4222-ab04-657852622125}</UniqueIdentifier>
    </Filter>
    <Filter Include="PlayLevel0\Actor">
      <UniqueIdentifier>{e690c634-157f-4525-993c-4dd92324144f}</UniqueIdentifier>
    </Filter>
  </ItemGroup>
  <ItemGroup>
    <ClInclude Include="ContentsCore.h">
      <Filter>Core</Filter>
    </ClInclude>
    <ClInclude Include="PreCompile.h">
      <Filter>PreCompile</Filter>
    </ClInclude>
    <ClInclude Include="PlayGameMode.h">
      <Filter>OpeningLevel</Filter>
    </ClInclude>
    <ClInclude Include="Player.h">
      <Filter>OpeningLevel\Actor</Filter>
    </ClInclude>
    <ClInclude Include="ContentsEnum.h">
      <Filter>Option</Filter>
    </ClInclude>
    <ClInclude Include="BackGround.h">
      <Filter>OpeningLevel\Actor</Filter>
    </ClInclude>
    <ClInclude Include="ContentsConstValue.h">
      <Filter>Option</Filter>
    </ClInclude>
    <ClInclude Include="DarkGameMode.h">
      <Filter>PlayLevel0</Filter>
    </ClInclude>
    <ClInclude Include="DarkMap.h">
      <Filter>PlayLevel0\Actor</Filter>
    </ClInclude>
  </ItemGroup>
  <ItemGroup>
    <ClCompile Include="ContentsCore.cpp">
      <Filter>Core</Filter>
    </ClCompile>
    <ClCompile Include="PreCompile.cpp">
      <Filter>PreCompile</Filter>
    </ClCompile>
    <ClCompile Include="PlayGameMode.cpp">
      <Filter>OpeningLevel</Filter>
    </ClCompile>
    <ClCompile Include="Player.cpp">
      <Filter>OpeningLevel\Actor</Filter>
    </ClCompile>
    <ClCompile Include="BackGround.cpp">
      <Filter>OpeningLevel\Actor</Filter>
    </ClCompile>
    <ClCompile Include="ContentsConstValue.cpp">
      <Filter>Option</Filter>
    </ClCompile>
    <ClCompile Include="DarkGameMode.cpp">
      <Filter>PlayLevel0</Filter>
    </ClCompile>
    <ClCompile Include="DarkMap.cpp">
      <Filter>PlayLevel0\Actor</Filter>
    </ClCompile>
  </ItemGroup>
</Project>