<?xml version="1.0" encoding="utf-8"?>
<Project ToolsVersion="4.0" xmlns="http://schemas.microsoft.com/developer/msbuild/2003">
  <ItemGroup>
    <Filter Include="2D">
      <UniqueIdentifier>{d38ceaad-91b3-4feb-9157-8c1daf256bc9}</UniqueIdentifier>
    </Filter>
    <Filter Include="Header">
      <UniqueIdentifier>{b6a061ec-7712-41d8-bb9f-c768254cc6d8}</UniqueIdentifier>
    </Filter>
    <Filter Include="Debug">
      <UniqueIdentifier>{fd2caa87-92ee-4977-867b-a78c21b8fd91}</UniqueIdentifier>
    </Filter>
    <Filter Include="Target">
      <UniqueIdentifier>{aec385e4-5126-4197-ac5c-ab472e68f3f4}</UniqueIdentifier>
    </Filter>
    <Filter Include="Effect">
      <UniqueIdentifier>{62e8364d-db38-4a70-ae58-0d5f7f63ebc2}</UniqueIdentifier>
    </Filter>
  </ItemGroup>
  <ItemGroup>
    <FxCompile Include="ColorShader.fx">
      <Filter>2D</Filter>
    </FxCompile>
    <FxCompile Include="ImageShader.fx">
      <Filter>2D</Filter>
    </FxCompile>
    <FxCompile Include="DebugShader.fx">
      <Filter>Debug</Filter>
    </FxCompile>
    <FxCompile Include="TargetCopyShader.fx">
      <Filter>Target</Filter>
    </FxCompile>
    <FxCompile Include="BlurEffectShader.fx">
      <Filter>Effect</Filter>
    </FxCompile>
  </ItemGroup>
  <ItemGroup>
    <None Include="EngineShaderBase.hlsli">
      <Filter>Header</Filter>
    </None>
    <None Include="EngineTexture.hlsli">
      <Filter>Header</Filter>
    </None>
    <None Include="EngineVertex.hlsli">
      <Filter>Header</Filter>
    </None>
    <None Include="TransformData.hlsli">
      <Filter>Header</Filter>
    </None>
  </ItemGroup>
</Project>